
Microsoft Visual Studio Solution File, Format Version 12.00
# Visual Studio 2013
VisualStudioVersion = 12.0.31101.0
MinimumVisualStudioVersion = 10.0.40219.1
Project("{FAE04EC0-301F-11D3-BF4B-00C04F79EFBC}") = "DPOH", "DPOH\DPOH.csproj", "{06970060-3649-441A-80EF-0213ABB3D3FA}"
EndProject
Project("{FAE04EC0-301F-11D3-BF4B-00C04F79EFBC}") = "DPOH_Test", "DPOH_Test\DPOH_Test.csproj", "{AA9CA13D-2407-43AC-B27A-B20DA35EBB87}"
EndProject
Project("{7CF6DF6D-3B04-46F8-A40B-537D21BCA0B4}") = "Sandcastle", "Sandcastle\Sandcastle.shfbproj", "{84752F0A-EC58-49A7-BF7C-A5F1385E54EA}"
EndProject
Project("{2150E333-8FDC-42A3-9474-1A3956D46DE8}") = ".nuget", ".nuget", "{9ADAC157-B979-4EF6-A25C-1448F1456B0C}"
	ProjectSection(SolutionItems) = preProject
		.nuget\NuGet.Config = .nuget\NuGet.Config
		.nuget\NuGet.exe = .nuget\NuGet.exe
		.nuget\NuGet.targets = .nuget\NuGet.targets
	EndProjectSection
EndProject
Global
	GlobalSection(TeamFoundationVersionControl) = preSolution
		SccNumberOfProjects = 4
		SccEnterpriseProvider = {4CA58AB2-18FA-4F8D-95D4-32DDF27D184C}
		SccTeamFoundationServer = https://branstanley.visualstudio.com/defaultcollection
		SccLocalPath0 = .
		SccProjectUniqueName1 = DPOH\\DPOH.csproj
		SccProjectName1 = DPOH
		SccLocalPath1 = DPOH
		SccProjectUniqueName2 = DPOH_Test\\DPOH_Test.csproj
		SccProjectName2 = DPOH_Test
		SccLocalPath2 = DPOH_Test
		SccProjectUniqueName3 = Sandcastle\\Sandcastle.shfbproj
		SccProjectName3 = Sandcastle
		SccLocalPath3 = Sandcastle
	EndGlobalSection
	GlobalSection(SolutionConfigurationPlatforms) = preSolution
		Debug|Any CPU = Debug|Any CPU
		Release|Any CPU = Release|Any CPU
	EndGlobalSection
	GlobalSection(ProjectConfigurationPlatforms) = postSolution
		{06970060-3649-441A-80EF-0213ABB3D3FA}.Debug|Any CPU.ActiveCfg = Debug|Any CPU
		{06970060-3649-441A-80EF-0213ABB3D3FA}.Debug|Any CPU.Build.0 = Debug|Any CPU
		{06970060-3649-441A-80EF-0213ABB3D3FA}.Release|Any CPU.ActiveCfg = Release|Any CPU
		{06970060-3649-441A-80EF-0213ABB3D3FA}.Release|Any CPU.Build.0 = Release|Any CPU
		{AA9CA13D-2407-43AC-B27A-B20DA35EBB87}.Debug|Any CPU.ActiveCfg = Debug|Any CPU
		{AA9CA13D-2407-43AC-B27A-B20DA35EBB87}.Debug|Any CPU.Build.0 = Debug|Any CPU
		{AA9CA13D-2407-43AC-B27A-B20DA35EBB87}.Release|Any CPU.ActiveCfg = Release|Any CPU
		{AA9CA13D-2407-43AC-B27A-B20DA35EBB87}.Release|Any CPU.Build.0 = Release|Any CPU
		{84752F0A-EC58-49A7-BF7C-A5F1385E54EA}.Debug|Any CPU.ActiveCfg = Debug|Any CPU
		{84752F0A-EC58-49A7-BF7C-A5F1385E54EA}.Debug|Any CPU.Build.0 = Debug|Any CPU
		{84752F0A-EC58-49A7-BF7C-A5F1385E54EA}.Release|Any CPU.ActiveCfg = Release|Any CPU
		{84752F0A-EC58-49A7-BF7C-A5F1385E54EA}.Release|Any CPU.Build.0 = Release|Any CPU
	EndGlobalSection
	GlobalSection(SolutionProperties) = preSolution
		HideSolutionNode = FALSE
	EndGlobalSection
EndGlobal
